
Microsoft Visual Studio Solution File, Format Version 12.00
# Visual Studio Version 17
VisualStudioVersion = 17.8.34316.72
MinimumVisualStudioVersion = 10.0.40219.1
Project("{8BC9CEB8-8B4A-11D0-8D11-00A0C91BC942}") = "RAII", "RAII\RAII.vcxproj", "{EC52240B-99DB-4A30-9195-109D07794C9C}"
EndProject
Global
	GlobalSection(SolutionConfigurationPlatforms) = preSolution
		Debug|x64 = Debug|x64
		Debug|x86 = Debug|x86
		Release|x64 = Release|x64
		Release|x86 = Release|x86
	EndGlobalSection
	GlobalSection(ProjectConfigurationPlatforms) = postSolution
		{EC52240B-99DB-4A30-9195-109D07794C9C}.Debug|x64.ActiveCfg = Debug|x64
		{EC52240B-99DB-4A30-9195-109D07794C9C}.Debug|x64.Build.0 = Debug|x64
		{EC52240B-99DB-4A30-9195-109D07794C9C}.Debug|x86.ActiveCfg = Debug|Win32
		{EC52240B-99DB-4A30-9195-109D07794C9C}.Debug|x86.Build.0 = Debug|Win32
		{EC52240B-99DB-4A30-9195-109D07794C9C}.Release|x64.ActiveCfg = Release|x64
		{EC52240B-99DB-4A30-9195-109D07794C9C}.Release|x64.Build.0 = Release|x64
		{EC52240B-99DB-4A30-9195-109D07794C9C}.Release|x86.ActiveCfg = Release|Win32
		{EC52240B-99DB-4A30-9195-109D07794C9C}.Release|x86.Build.0 = Release|Win32
	EndGlobalSection
	GlobalSection(SolutionProperties) = preSolution
		HideSolutionNode = FALSE
	EndGlobalSection
	GlobalSection(ExtensibilityGlobals) = postSolution
		SolutionGuid = {6A0B9AC8-F44F-450D-9FA3-5E569055C6BE}
	EndGlobalSection
EndGlobal
